{
  "name": "lodash-prac",
  "version": "1.0.0",
  "lockfileVersion": 2,
  "requires": true,
  "packages": {
    "": {
      "name": "lodash-prac",
      "version": "1.0.0",
      "license": "ISC",
      "dependencies": {
        "lodash": "^4.17.21"
      },
      "devDependencies": {
        "babel-plugin-inline-json-import": "^0.3.2"
      }
    },
    "node_modules/babel-plugin-inline-json-import": {
      "version": "0.3.2",
      "resolved": "https://registry.npmjs.org/babel-plugin-inline-json-import/-/babel-plugin-inline-json-import-0.3.2.tgz",
      "integrity": "sha512-QNNJx08KjmMT25Cw7rAPQ6dlREDPiZGDyApHL8KQ9vrQHbrr4PTi7W8g1tMMZPz0jEMd39nx/eH7xjnDNxq5sA==",
      "dev": true,
      "dependencies": {
        "decache": "^4.5.1"
      }
    },
    "node_modules/callsite": {
      "version": "1.0.0",
      "resolved": "https://registry.npmjs.org/callsite/-/callsite-1.0.0.tgz",
      "integrity": "sha1-KAOY5dZkvXQDi28JBRU+borxvCA=",
      "dev": true,
      "engines": {
        "node": "*"
      }
    },
    "node_modules/decache": {
      "version": "4.6.0",
      "resolved": "https://registry.npmjs.org/decache/-/decache-4.6.0.tgz",
      "integrity": "sha512-PppOuLiz+DFeaUvFXEYZjLxAkKiMYH/do/b/MxpDe/8AgKBi5GhZxridoVIbBq72GDbL36e4p0Ce2jTGUwwU+w==",
      "dev": true,
      "dependencies": {
        "callsite": "^1.0.0"
      }
    },
    "node_modules/lodash": {
      "version": "4.17.21",
      "resolved": "https://registry.npmjs.org/lodash/-/lodash-4.17.21.tgz",
      "integrity": "sha512-v2kDEe57lecTulaDIuNTPy3Ry4gLGJ6Z1O3vE1krgXZNrsQ+LFTGHVxVjcXPs17LhbZVGedAJv8XZ1tvj5FvSg=="
    }
  },
  "dependencies": {
    "babel-plugin-inline-json-import": {
      "version": "0.3.2",
      "resolved": "https://registry.npmjs.org/babel-plugin-inline-json-import/-/babel-plugin-inline-json-import-0.3.2.tgz",
      "integrity": "sha512-QNNJx08KjmMT25Cw7rAPQ6dlREDPiZGDyApHL8KQ9vrQHbrr4PTi7W8g1tMMZPz0jEMd39nx/eH7xjnDNxq5sA==",
      "dev": true,
      "requires": {
        "decache": "^4.5.1"
      }
    },
    "callsite": {
      "version": "1.0.0",
      "resolved": "https://registry.npmjs.org/callsite/-/callsite-1.0.0.tgz",
      "integrity": "sha1-KAOY5dZkvXQDi28JBRU+borxvCA=",
      "dev": true
    },
    "decache": {
      "version": "4.6.0",
      "resolved": "https://registry.npmjs.org/decache/-/decache-4.6.0.tgz",
      "integrity": "sha512-PppOuLiz+DFeaUvFXEYZjLxAkKiMYH/do/b/MxpDe/8AgKBi5GhZxridoVIbBq72GDbL36e4p0Ce2jTGUwwU+w==",
      "dev": true,
      "requires": {
        "callsite": "^1.0.0"
      }
    },
    "lodash": {
      "version": "4.17.21",
      "resolved": "https://registry.npmjs.org/lodash/-/lodash-4.17.21.tgz",
      "integrity": "sha512-v2kDEe57lecTulaDIuNTPy3Ry4gLGJ6Z1O3vE1krgXZNrsQ+LFTGHVxVjcXPs17LhbZVGedAJv8XZ1tvj5FvSg=="
    }
  }
}
